
Microsoft Visual Studio Solution File, Format Version 12.00
Project("{FAE04EC0-301F-11D3-BF4B-00C04F79EFBC}") = "GunlukGelirHarcamaButcesiTakipcisi", "GunlukGelirHarcamaButcesiTakipcisi\GunlukGelirHarcamaButcesiTakipcisi.csproj", "{7F5FFB75-C076-48FE-A123-EC78A140667D}"
EndProject
Global
	GlobalSection(SolutionConfigurationPlatforms) = preSolution
		Debug|Any CPU = Debug|Any CPU
		Release|Any CPU = Release|Any CPU
	EndGlobalSection
	GlobalSection(ProjectConfigurationPlatforms) = postSolution
		{7F5FFB75-C076-48FE-A123-EC78A140667D}.Debug|Any CPU.ActiveCfg = Debug|Any CPU
		{7F5FFB75-C076-48FE-A123-EC78A140667D}.Debug|Any CPU.Build.0 = Debug|Any CPU
		{7F5FFB75-C076-48FE-A123-EC78A140667D}.Release|Any CPU.ActiveCfg = Release|Any CPU
		{7F5FFB75-C076-48FE-A123-EC78A140667D}.Release|Any CPU.Build.0 = Release|Any CPU
	EndGlobalSection
EndGlobal
